
Microsoft Visual Studio Solution File, Format Version 11.00
# Visual Studio 2010
Project("{F184B08F-C81C-45F6-A57F-5ABD9991F28F}") = "NessusConversion", "NessusConversion.vbproj", "{A0F6FDE1-DE61-4266-B05D-60A3353B2C2C}"
EndProject
Project("{54435603-DBB4-11D2-8724-00A0C9A8B90C}") = "NessusConversionSetup", "..\NessusConversionSetup\NessusConversionSetup.vdproj", "{12D2FF96-FD43-4C1C-BDCA-768E8D5FA61A}"
EndProject
Global
	GlobalSection(SolutionConfigurationPlatforms) = preSolution
		Debug|Any CPU = Debug|Any CPU
		Release|Any CPU = Release|Any CPU
	EndGlobalSection
	GlobalSection(ProjectConfigurationPlatforms) = postSolution
		{A0F6FDE1-DE61-4266-B05D-60A3353B2C2C}.Debug|Any CPU.ActiveCfg = Debug|Any CPU
		{A0F6FDE1-DE61-4266-B05D-60A3353B2C2C}.Debug|Any CPU.Build.0 = Debug|Any CPU
		{A0F6FDE1-DE61-4266-B05D-60A3353B2C2C}.Release|Any CPU.ActiveCfg = Release|Any CPU
		{A0F6FDE1-DE61-4266-B05D-60A3353B2C2C}.Release|Any CPU.Build.0 = Release|Any CPU
		{12D2FF96-FD43-4C1C-BDCA-768E8D5FA61A}.Debug|Any CPU.ActiveCfg = Debug
		{12D2FF96-FD43-4C1C-BDCA-768E8D5FA61A}.Release|Any CPU.ActiveCfg = Release
	EndGlobalSection
	GlobalSection(SolutionProperties) = preSolution
		HideSolutionNode = FALSE
	EndGlobalSection
EndGlobal
